lockfileVersion: '9.0'

settings:
  autoInstallPeers: true
  excludeLinksFromLockfile: false

importers:

  .:
    devDependencies:
      discord.js:
        specifier: ^14.25.1
        version: 14.25.1
      tsx:
        specifier: ^4.21.0
        version: 4.21.0
      typescript:
        specifier: ^5.9.3
        version: 5.9.3

  examples/basic-bot:
    dependencies:
      '@volundr/client':
        specifier: workspace:*
        version: link:../../packages/client
      '@volundr/gateway':
        specifier: workspace:*
        version: link:../../packages/gateway
      '@volundr/lavalink':
        specifier: workspace:*
        version: link:../../packages/lavalink
      '@volundr/logger':
        specifier: workspace:*
        version: link:../../packages/logger
      '@volundr/types':
        specifier: workspace:*
        version: link:../../packages/types
      dotenv:
        specifier: ^16.4.7
        version: 16.6.1
      pg:
        specifier: ^8.19.0
        version: 8.19.0
    devDependencies:
      '@types/pg':
        specifier: ^8.18.0
        version: 8.18.0

  examples/minimal:
    dependencies:
      '@volundr/client':
        specifier: workspace:*
        version: link:../../packages/client
    devDependencies:
      tsx:
        specifier: ^4.19.0
        version: 4.21.0
      typescript:
        specifier: ^5.7.0
        version: 5.9.3

  packages/client:
    dependencies:
      '@volundr/gateway':
        specifier: workspace:*
        version: link:../gateway
      '@volundr/logger':
        specifier: workspace:*
        version: link:../logger
      '@volundr/rest':
        specifier: workspace:*
        version: link:../rest
      '@volundr/threads':
        specifier: workspace:*
        version: link:../threads
      '@volundr/types':
        specifier: workspace:*
        version: link:../types
    devDependencies:
      '@types/node':
        specifier: ^25.3.2
        version: 25.3.2

  packages/gateway:
    dependencies:
      '@noble/ciphers':
        specifier: ^1.2.1
        version: 1.3.0
      '@snazzah/davey':
        specifier: ^0.1.10
        version: 0.1.10
      '@volundr/logger':
        specifier: workspace:*
        version: link:../logger
      '@volundr/rest':
        specifier: workspace:*
        version: link:../rest
      '@volundr/types':
        specifier: workspace:*
        version: link:../types
      ws:
        specifier: ^8.18.1
        version: 8.19.0
    devDependencies:
      '@types/node':
        specifier: ^25.3.2
        version: 25.3.2
      '@types/ws':
        specifier: ^8.18.1
        version: 8.18.1

  packages/lavalink:
    dependencies:
      '@volundr/client':
        specifier: workspace:*
        version: link:../client
      '@volundr/logger':
        specifier: workspace:*
        version: link:../logger
      '@volundr/types':
        specifier: workspace:*
        version: link:../types
      ws:
        specifier: ^8.18.1
        version: 8.19.0
    devDependencies:
      '@types/node':
        specifier: ^25.3.2
        version: 25.3.2
      '@types/ws':
        specifier: ^8.18.1
        version: 8.18.1

  packages/logger:
    devDependencies:
      '@types/node':
        specifier: ^25.3.2
        version: 25.3.2

  packages/rest:
    dependencies:
      '@volundr/logger':
        specifier: workspace:*
        version: link:../logger
    devDependencies:
      '@types/node':
        specifier: ^25.3.2
        version: 25.3.2

  packages/threads:
    dependencies:
      '@volundr/logger':
        specifier: workspace:*
        version: link:../logger
    devDependencies:
      '@types/node':
        specifier: ^25.3.2
        version: 25.3.2

  packages/types:
    devDependencies:
      '@types/node':
        specifier: ^25.3.2
        version: 25.3.2

  packages/voice:
    dependencies:
      '@volundr/gateway':
        specifier: workspace:*
        version: link:../gateway
      '@volundr/logger':
        specifier: workspace:*
        version: link:../logger
    devDependencies:
      '@types/node':
        specifier: ^25.3.2
        version: 25.3.2

packages:

  '@discordjs/builders@1.13.1':
    resolution: {integrity: sha512-cOU0UDHc3lp/5nKByDxkmRiNZBpdp0kx55aarbiAfakfKJHlxv/yFW1zmIqCAmwH5CRlrH9iMFKJMpvW4DPB+w==}
    engines: {node: '>=16.11.0'}

  '@discordjs/collection@1.5.3':
    resolution: {integrity: sha512-SVb428OMd3WO1paV3rm6tSjM4wC+Kecaa1EUGX7vc6/fddvw/6lg90z4QtCqm21zvVe92vMMDt9+DkIvjXImQQ==}
    engines: {node: '>=16.11.0'}

  '@discordjs/collection@2.1.1':
    resolution: {integrity: sha512-LiSusze9Tc7qF03sLCujF5iZp7K+vRNEDBZ86FT9aQAv3vxMLihUvKvpsCWiQ2DJq1tVckopKm1rxomgNUc9hg==}
    engines: {node: '>=18'}

  '@discordjs/formatters@0.6.2':
    resolution: {integrity: sha512-y4UPwWhH6vChKRkGdMB4odasUbHOUwy7KL+OVwF86PvT6QVOwElx+TiI1/6kcmcEe+g5YRXJFiXSXUdabqZOvQ==}
    engines: {node: '>=16.11.0'}

  '@discordjs/rest@2.6.0':
    resolution: {integrity: sha512-RDYrhmpB7mTvmCKcpj+pc5k7POKszS4E2O9TYc+U+Y4iaCP+r910QdO43qmpOja8LRr1RJ0b3U+CqVsnPqzf4w==}
    engines: {node: '>=18'}

  '@discordjs/util@1.2.0':
    resolution: {integrity: sha512-3LKP7F2+atl9vJFhaBjn4nOaSWahZ/yWjOvA4e5pnXkt2qyXRCHLxoBQy81GFtLGCq7K9lPm9R517M1U+/90Qg==}
    engines: {node: '>=18'}

  '@discordjs/ws@1.2.3':
    resolution: {integrity: sha512-wPlQDxEmlDg5IxhJPuxXr3Vy9AjYq5xCvFWGJyD7w7Np8ZGu+Mc+97LCoEc/+AYCo2IDpKioiH0/c/mj5ZR9Uw==}
    engines: {node: '>=16.11.0'}

  '@emnapi/core@1.8.1':
    resolution: {integrity: sha512-AvT9QFpxK0Zd8J0jopedNm+w/2fIzvtPKPjqyw9jwvBaReTTqPBk9Hixaz7KbjimP+QNz605/XnjFcDAL2pqBg==}

  '@emnapi/runtime@1.8.1':
    resolution: {integrity: sha512-mehfKSMWjjNol8659Z8KxEMrdSJDDot5SXMq00dM8BN4o+CLNXQ0xH2V7EchNHV4RmbZLmmPdEaXZc5H2FXmDg==}

  '@emnapi/wasi-threads@1.1.0':
    resolution: {integrity: sha512-WI0DdZ8xFSbgMjR1sFsKABJ/C5OnRrjT06JXbZKexJGrDuPTzZdDYfFlsgcCXCyf+suG5QU2e/y1Wo2V/OapLQ==}

  '@esbuild/aix-ppc64@0.27.3':
    resolution: {integrity: sha512-9fJMTNFTWZMh5qwrBItuziu834eOCUcEqymSH7pY+zoMVEZg3gcPuBNxH1EvfVYe9h0x/Ptw8KBzv7qxb7l8dg==}
    engines: {node: '>=18'}
    cpu: [ppc64]
    os: [aix]

  '@esbuild/android-arm64@0.27.3':
    resolution: {integrity: sha512-YdghPYUmj/FX2SYKJ0OZxf+iaKgMsKHVPF1MAq/P8WirnSpCStzKJFjOjzsW0QQ7oIAiccHdcqjbHmJxRb/dmg==}
    engines: {node: '>=18'}
    cpu: [arm64]
    os: [android]

  '@esbuild/android-arm@0.27.3':
    resolution: {integrity: sha512-i5D1hPY7GIQmXlXhs2w8AWHhenb00+GxjxRncS2ZM7YNVGNfaMxgzSGuO8o8SJzRc/oZwU2bcScvVERk03QhzA==}
    engines: {node: '>=18'}
    cpu: [arm]
    os: [android]

  '@esbuild/android-x64@0.27.3':
    resolution: {integrity: sha512-IN/0BNTkHtk8lkOM8JWAYFg4ORxBkZQf9zXiEOfERX/CzxW3Vg1ewAhU7QSWQpVIzTW+b8Xy+lGzdYXV6UZObQ==}
    engines: {node: '>=18'}
    cpu: [x64]
    os: [android]

  '@esbuild/darwin-arm64@0.27.3':
    resolution: {integrity: sha512-Re491k7ByTVRy0t3EKWajdLIr0gz2kKKfzafkth4Q8A5n1xTHrkqZgLLjFEHVD+AXdUGgQMq+Godfq45mGpCKg==}
    engines: {node: '>=18'}
    cpu: [arm64]
    os: [darwin]

  '@esbuild/darwin-x64@0.27.3':
    resolution: {integrity: sha512-vHk/hA7/1AckjGzRqi6wbo+jaShzRowYip6rt6q7VYEDX4LEy1pZfDpdxCBnGtl+A5zq8iXDcyuxwtv3hNtHFg==}
    engines: {node: '>=18'}
    cpu: [x64]
    os: [darwin]

  '@esbuild/freebsd-arm64@0.27.3':
    resolution: {integrity: sha512-ipTYM2fjt3kQAYOvo6vcxJx3nBYAzPjgTCk7QEgZG8AUO3ydUhvelmhrbOheMnGOlaSFUoHXB6un+A7q4ygY9w==}
    engines: {node: '>=18'}
    cpu: [arm64]
    os: [freebsd]

  '@esbuild/freebsd-x64@0.27.3':
    resolution: {integrity: sha512-dDk0X87T7mI6U3K9VjWtHOXqwAMJBNN2r7bejDsc+j03SEjtD9HrOl8gVFByeM0aJksoUuUVU9TBaZa2rgj0oA==}
    engines: {node: '>=18'}
    cpu: [x64]
    os: [freebsd]

  '@esbuild/linux-arm64@0.27.3':
    resolution: {integrity: sha512-sZOuFz/xWnZ4KH3YfFrKCf1WyPZHakVzTiqji3WDc0BCl2kBwiJLCXpzLzUBLgmp4veFZdvN5ChW4Eq/8Fc2Fg==}
    engines: {node: '>=18'}
    cpu: [arm64]
    os: [linux]

  '@esbuild/linux-arm@0.27.3':
    resolution: {integrity: sha512-s6nPv2QkSupJwLYyfS+gwdirm0ukyTFNl3KTgZEAiJDd+iHZcbTPPcWCcRYH+WlNbwChgH2QkE9NSlNrMT8Gfw==}
    engines: {node: '>=18'}
    cpu: [arm]
    os: [linux]

  '@esbuild/linux-ia32@0.27.3':
    resolution: {integrity: sha512-yGlQYjdxtLdh0a3jHjuwOrxQjOZYD/C9PfdbgJJF3TIZWnm/tMd/RcNiLngiu4iwcBAOezdnSLAwQDPqTmtTYg==}
    engines: {node: '>=18'}
    cpu: [ia32]
    os: [linux]

  '@esbuild/linux-loong64@0.27.3':
    resolution: {integrity: sha512-WO60Sn8ly3gtzhyjATDgieJNet/KqsDlX5nRC5Y3oTFcS1l0KWba+SEa9Ja1GfDqSF1z6hif/SkpQJbL63cgOA==}
    engines: {node: '>=18'}
    cpu: [loong64]
    os: [linux]

  '@esbuild/linux-mips64el@0.27.3':
    resolution: {integrity: sha512-APsymYA6sGcZ4pD6k+UxbDjOFSvPWyZhjaiPyl/f79xKxwTnrn5QUnXR5prvetuaSMsb4jgeHewIDCIWljrSxw==}
    engines: {node: '>=18'}
    cpu: [mips64el]
    os: [linux]

  '@esbuild/linux-ppc64@0.27.3':
    resolution: {integrity: sha512-eizBnTeBefojtDb9nSh4vvVQ3V9Qf9Df01PfawPcRzJH4gFSgrObw+LveUyDoKU3kxi5+9RJTCWlj4FjYXVPEA==}
    engines: {node: '>=18'}
    cpu: [ppc64]
    os: [linux]

  '@esbuild/linux-riscv64@0.27.3':
    resolution: {integrity: sha512-3Emwh0r5wmfm3ssTWRQSyVhbOHvqegUDRd0WhmXKX2mkHJe1SFCMJhagUleMq+Uci34wLSipf8Lagt4LlpRFWQ==}
    engines: {node: '>=18'}
    cpu: [riscv64]
    os: [linux]

  '@esbuild/linux-s390x@0.27.3':
    resolution: {integrity: sha512-pBHUx9LzXWBc7MFIEEL0yD/ZVtNgLytvx60gES28GcWMqil8ElCYR4kvbV2BDqsHOvVDRrOxGySBM9Fcv744hw==}
    engines: {node: '>=18'}
    cpu: [s390x]
    os: [linux]

  '@esbuild/linux-x64@0.27.3':
    resolution: {integrity: sha512-Czi8yzXUWIQYAtL/2y6vogER8pvcsOsk5cpwL4Gk5nJqH5UZiVByIY8Eorm5R13gq+DQKYg0+JyQoytLQas4dA==}
    engines: {node: '>=18'}
    cpu: [x64]
    os: [linux]

  '@esbuild/netbsd-arm64@0.27.3':
    resolution: {integrity: sha512-sDpk0RgmTCR/5HguIZa9n9u+HVKf40fbEUt+iTzSnCaGvY9kFP0YKBWZtJaraonFnqef5SlJ8/TiPAxzyS+UoA==}
    engines: {node: '>=18'}
    cpu: [arm64]
    os: [netbsd]

  '@esbuild/netbsd-x64@0.27.3':
    resolution: {integrity: sha512-P14lFKJl/DdaE00LItAukUdZO5iqNH7+PjoBm+fLQjtxfcfFE20Xf5CrLsmZdq5LFFZzb5JMZ9grUwvtVYzjiA==}
    engines: {node: '>=18'}
    cpu: [x64]
    os: [netbsd]

  '@esbuild/openbsd-arm64@0.27.3':
    resolution: {integrity: sha512-AIcMP77AvirGbRl/UZFTq5hjXK+2wC7qFRGoHSDrZ5v5b8DK/GYpXW3CPRL53NkvDqb9D+alBiC/dV0Fb7eJcw==}
    engines: {node: '>=18'}
    cpu: [arm64]
    os: [openbsd]

  '@esbuild/openbsd-x64@0.27.3':
    resolution: {integrity: sha512-DnW2sRrBzA+YnE70LKqnM3P+z8vehfJWHXECbwBmH/CU51z6FiqTQTHFenPlHmo3a8UgpLyH3PT+87OViOh1AQ==}
    engines: {node: '>=18'}
    cpu: [x64]
    os: [openbsd]

  '@esbuild/openharmony-arm64@0.27.3':
    resolution: {integrity: sha512-NinAEgr/etERPTsZJ7aEZQvvg/A6IsZG/LgZy+81wON2huV7SrK3e63dU0XhyZP4RKGyTm7aOgmQk0bGp0fy2g==}
    engines: {node: '>=18'}
    cpu: [arm64]
    os: [openharmony]

  '@esbuild/sunos-x64@0.27.3':
    resolution: {integrity: sha512-PanZ+nEz+eWoBJ8/f8HKxTTD172SKwdXebZ0ndd953gt1HRBbhMsaNqjTyYLGLPdoWHy4zLU7bDVJztF5f3BHA==}
    engines: {node: '>=18'}
    cpu: [x64]
    os: [sunos]

  '@esbuild/win32-arm64@0.27.3':
    resolution: {integrity: sha512-B2t59lWWYrbRDw/tjiWOuzSsFh1Y/E95ofKz7rIVYSQkUYBjfSgf6oeYPNWHToFRr2zx52JKApIcAS/D5TUBnA==}
    engines: {node: '>=18'}
    cpu: [arm64]
    os: [win32]

  '@esbuild/win32-ia32@0.27.3':
    resolution: {integrity: sha512-QLKSFeXNS8+tHW7tZpMtjlNb7HKau0QDpwm49u0vUp9y1WOF+PEzkU84y9GqYaAVW8aH8f3GcBck26jh54cX4Q==}
    engines: {node: '>=18'}
    cpu: [ia32]
    os: [win32]

  '@esbuild/win32-x64@0.27.3':
    resolution: {integrity: sha512-4uJGhsxuptu3OcpVAzli+/gWusVGwZZHTlS63hh++ehExkVT8SgiEf7/uC/PclrPPkLhZqGgCTjd0VWLo6xMqA==}
    engines: {node: '>=18'}
    cpu: [x64]
    os: [win32]

  '@napi-rs/wasm-runtime@1.1.1':
    resolution: {integrity: sha512-p64ah1M1ld8xjWv3qbvFwHiFVWrq1yFvV4f7w+mzaqiR4IlSgkqhcRdHwsGgomwzBH51sRY4NEowLxnaBjcW/A==}

  '@noble/ciphers@1.3.0':
    resolution: {integrity: sha512-2I0gnIVPtfnMw9ee9h1dJG7tp81+8Ob3OJb3Mv37rx5L40/b0i7djjCVvGOVqc9AEIQyvyu1i6ypKdFw8R8gQw==}
    engines: {node: ^14.21.3 || >=16}

  '@sapphire/async-queue@1.5.5':
    resolution: {integrity: sha512-cvGzxbba6sav2zZkH8GPf2oGk9yYoD5qrNWdu9fRehifgnFZJMV+nuy2nON2roRO4yQQ+v7MK/Pktl/HgfsUXg==}
    engines: {node: '>=v14.0.0', npm: '>=7.0.0'}

  '@sapphire/shapeshift@4.0.0':
    resolution: {integrity: sha512-d9dUmWVA7MMiKobL3VpLF8P2aeanRTu6ypG2OIaEv/ZHH/SUQ2iHOVyi5wAPjQ+HmnMuL0whK9ez8I/raWbtIg==}
    engines: {node: '>=v16'}

  '@sapphire/snowflake@3.5.3':
    resolution: {integrity: sha512-jjmJywLAFoWeBi1W7994zZyiNWPIiqRRNAmSERxyg93xRGzNYvGjlZ0gR6x0F4gPRi2+0O6S71kOZYyr3cxaIQ==}
    engines: {node: '>=v14.0.0', npm: '>=7.0.0'}

  '@snazzah/davey-android-arm-eabi@0.1.10':
    resolution: {integrity: sha512-7bwHxSNEI2wVXOT6xnmpnO9SHb2xwAnf9oEdL45dlfVHTgU1Okg5rwGwRvZ2aLVFFbTyecfC8EVZyhpyTkjLSw==}
    engines: {node: '>= 10'}
    cpu: [arm]
    os: [android]

  '@snazzah/davey-android-arm64@0.1.10':
    resolution: {integrity: sha512-68WUf2LQwQTP9MgPcCqTWwJztJSIk0keGfF2Y/b+MihSDh29fYJl7C0rbz69aUrVCvCC2lYkB/46P8X1kBz7yg==}
    engines: {node: '>= 10'}
    cpu: [arm64]
    os: [android]

  '@snazzah/davey-darwin-arm64@0.1.10':
    resolution: {integrity: sha512-nYC+DWCGUC1jUGEenCNQE/jJpL/02m0ebY/NvTCQbul5ktI/ShVzgA3kzssEhZvhf6jbH048Rs39wDhp/b24Jg==}
    engines: {node: '>= 10'}
    cpu: [arm64]
    os: [darwin]

  '@snazzah/davey-darwin-x64@0.1.10':
    resolution: {integrity: sha512-0q5Rrcs+O9sSSnPX+A3R3djEQs2nTAtMe5N3lApO6lZas/QNMl6wkEWCvTbDc2cfAYBMSk2jgc1awlRXi4LX3Q==}
    engines: {node: '>= 10'}
    cpu: [x64]
    os: [darwin]

  '@snazzah/davey-freebsd-x64@0.1.10':
    resolution: {integrity: sha512-/Gq5YDD6Oz8iBqVJLswUnetCv9JCRo1quYX5ujzpAG8zPCNItZo4g4h5p9C+h4Yoay2quWBYhoaVqQKT96bm8g==}
    engines: {node: '>= 10'}
    cpu: [x64]
    os: [freebsd]

  '@snazzah/davey-linux-arm-gnueabihf@0.1.10':
    resolution: {integrity: sha512-0Z7Vrt0WIbgxws9CeHB9qlueYJlvltI44rUuZmysdi70UcHGxlr7nE3MnzYCr9nRWRegohn8EQPWHMKMDJH2GA==}
    engines: {node: '>= 10'}
    cpu: [arm]
    os: [linux]

  '@snazzah/davey-linux-arm64-gnu@0.1.10':
    resolution: {integrity: sha512-xhZQycn4QB+qXhqm/QmZ+kb9MHMXcbjjoPfvcIL4WMQXFG/zUWHW8EiBk7ZTEGMOpeab3F9D1+MlgumglYByUQ==}
    engines: {node: '>= 10'}
    cpu: [arm64]
    os: [linux]
    libc: [glibc]

  '@snazzah/davey-linux-arm64-musl@0.1.10':
    resolution: {integrity: sha512-pudzQCP9rZItwW4qHHvciMwtNd9kWH4l73g6Id1LRpe6sc8jiFBV7W+YXITj2PZbI0by6XPfkRP6Dk5IkGOuAw==}
    engines: {node: '>= 10'}
    cpu: [arm64]
    os: [linux]
    libc: [musl]

  '@snazzah/davey-linux-x64-gnu@0.1.10':
    resolution: {integrity: sha512-DC8qRmk+xJEFNqjxKB46cETKeDQqgUqE5p39KXS2k6Vl/XTi8pw8pXOxrPfYte5neoqlWAVQzbxuLnwpyRJVEQ==}
    engines: {node: '>= 10'}
    cpu: [x64]
    os: [linux]
    libc: [glibc]

  '@snazzah/davey-linux-x64-musl@0.1.10':
    resolution: {integrity: sha512-wPR5/2QmsF7sR0WUaCwbk4XI3TLcxK9PVK8mhgcAYyuRpbhcVgNGWXs8ulcyMSXve5pFRJAFAuMTGCEb014peg==}
    engines: {node: '>= 10'}
    cpu: [x64]
    os: [linux]
    libc: [musl]

  '@snazzah/davey-wasm32-wasi@0.1.10':
    resolution: {integrity: sha512-SfQavU+eKTDbRmPeLRodrVSfsWq25PYTmH1nIZW3B27L6IkijzjXZZuxiU1ZG1gdI5fB7mwXrOTtx34t+vAG7Q==}
    engines: {node: '>=14.0.0'}
    cpu: [wasm32]

  '@snazzah/davey-win32-arm64-msvc@0.1.10':
    resolution: {integrity: sha512-Raafk53smYs67wZCY9bQXHXzbaiRMS5QCdjTdin3D9fF5A06T/0Zv1z7/YnaN+O3GSL/Ou3RvynF7SziToYiFQ==}
    engines: {node: '>= 10'}
    cpu: [arm64]
    os: [win32]

  '@snazzah/davey-win32-ia32-msvc@0.1.10':
    resolution: {integrity: sha512-pAs43l/DiZ+icqBwxIwNePzuYxFM1ZblVuf7t6vwwSLxvova7vnREnU7qDVjbc5/YTUHOsqYy3S6TpZMzDo2lw==}
    engines: {node: '>= 10'}
    cpu: [ia32]
    os: [win32]

  '@snazzah/davey-win32-x64-msvc@0.1.10':
    resolution: {integrity: sha512-kr6148VVBoUT4CtD+5hYshTFRny7R/xQZxXFhFc0fYjtmdMVM8Px9M91olg1JFNxuNzdfMfTufR58Q3wfBocug==}
    engines: {node: '>= 10'}
    cpu: [x64]
    os: [win32]

  '@snazzah/davey@0.1.10':
    resolution: {integrity: sha512-J5f7vV5/tnj0xGnqufFRd6qiWn3FcR3iXjpjpEmO2Ok+Io0AASkMaZ3I39TsL45as0Qo5bq9wWuamFQ77PjJ+g==}
    engines: {node: '>= 10'}

  '@tybys/wasm-util@0.10.1':
    resolution: {integrity: sha512-9tTaPJLSiejZKx+Bmog4uSubteqTvFrVrURwkmHixBo0G4seD0zUxp98E1DzUBJxLQ3NPwXrGKDiVjwx/DpPsg==}

  '@types/node@25.3.2':
    resolution: {integrity: sha512-RpV6r/ij22zRRdyBPcxDeKAzH43phWVKEjL2iksqo1Vz3CuBUrgmPpPhALKiRfU7OMCmeeO9vECBMsV0hMTG8Q==}

  '@types/pg@8.18.0':
    resolution: {integrity: sha512-gT+oueVQkqnj6ajGJXblFR4iavIXWsGAFCk3dP4Kki5+a9R4NMt0JARdk6s8cUKcfUoqP5dAtDSLU8xYUTFV+Q==}

  '@types/ws@8.18.1':
    resolution: {integrity: sha512-ThVF6DCVhA8kUGy+aazFQ4kXQ7E1Ty7A3ypFOe0IcJV8O/M511G99AW24irKrW56Wt44yG9+ij8FaqoBGkuBXg==}

  '@vladfrangu/async_event_emitter@2.4.7':
    resolution: {integrity: sha512-Xfe6rpCTxSxfbswi/W/Pz7zp1WWSNn4A0eW4mLkQUewCrXXtMj31lCg+iQyTkh/CkusZSq9eDflu7tjEDXUY6g==}
    engines: {node: '>=v14.0.0', npm: '>=7.0.0'}

  discord-api-types@0.38.40:
    resolution: {integrity: sha512-P/His8cotqZgQqrt+hzrocp9L8RhQQz1GkrCnC9TMJ8Uw2q0tg8YyqJyGULxhXn/8kxHETN4IppmOv+P2m82lQ==}

  discord.js@14.25.1:
    resolution: {integrity: sha512-2l0gsPOLPs5t6GFZfQZKnL1OJNYFcuC/ETWsW4VtKVD/tg4ICa9x+jb9bkPffkMdRpRpuUaO/fKkHCBeiCKh8g==}
    engines: {node: '>=18'}

  dotenv@16.6.1:
    resolution: {integrity: sha512-uBq4egWHTcTt33a72vpSG0z3HnPuIl6NqYcTrKEg2azoEyl2hpW0zqlxysq2pK9HlDIHyHyakeYaYnSAwd8bow==}
    engines: {node: '>=12'}

  esbuild@0.27.3:
    resolution: {integrity: sha512-8VwMnyGCONIs6cWue2IdpHxHnAjzxnw2Zr7MkVxB2vjmQ2ivqGFb4LEG3SMnv0Gb2F/G/2yA8zUaiL1gywDCCg==}
    engines: {node: '>=18'}
    hasBin: true

  fast-deep-equal@3.1.3:
    resolution: {integrity: sha512-f3qQ9oQy9j2AhBe/H9VC91wLmKBCCU/gDOnKNAYG5hswO7BLKj09Hc5HYNz9cGI++xlpDCIgDaitVs03ATR84Q==}

  fsevents@2.3.3:
    resolution: {integrity: sha512-5xoDfX+fL7faATnagmWPpbFtwh/R77WmMMqqHGS65C3vvB0YHrgF+B1YmZ3441tMj5n63k0212XNoJwzlhffQw==}
    engines: {node: ^8.16.0 || ^10.6.0 || >=11.0.0}
    os: [darwin]

  get-tsconfig@4.13.6:
    resolution: {integrity: sha512-shZT/QMiSHc/YBLxxOkMtgSid5HFoauqCE3/exfsEcwg1WkeqjG+V40yBbBrsD+jW2HDXcs28xOfcbm2jI8Ddw==}

  lodash.snakecase@4.1.1:
    resolution: {integrity: sha512-QZ1d4xoBHYUeuouhEq3lk3Uq7ldgyFXGBhg04+oRLnIz8o9T65Eh+8YdroUwn846zchkA9yDsDl5CVVaV2nqYw==}

  lodash@4.17.23:
    resolution: {integrity: sha512-LgVTMpQtIopCi79SJeDiP0TfWi5CNEc/L/aRdTh3yIvmZXTnheWpKjSZhnvMl8iXbC1tFg9gdHHDMLoV7CnG+w==}

  magic-bytes.js@1.13.0:
    resolution: {integrity: sha512-afO2mnxW7GDTXMm5/AoN1WuOcdoKhtgXjIvHmobqTD1grNplhGdv3PFOyjCVmrnOZBIT/gD/koDKpYG+0mvHcg==}

  pg-cloudflare@1.3.0:
    resolution: {integrity: sha512-6lswVVSztmHiRtD6I8hw4qP/nDm1EJbKMRhf3HCYaqud7frGysPv7FYJ5noZQdhQtN2xJnimfMtvQq21pdbzyQ==}

  pg-connection-string@2.11.0:
    resolution: {integrity: sha512-kecgoJwhOpxYU21rZjULrmrBJ698U2RxXofKVzOn5UDj61BPj/qMb7diYUR1nLScCDbrztQFl1TaQZT0t1EtzQ==}

  pg-int8@1.0.1:
    resolution: {integrity: sha512-WCtabS6t3c8SkpDBUlb1kjOs7l66xsGdKpIPZsg4wR+B3+u9UAum2odSsF9tnvxg80h4ZxLWMy4pRjOsFIqQpw==}
    engines: {node: '>=4.0.0'}

  pg-pool@3.12.0:
    resolution: {integrity: sha512-eIJ0DES8BLaziFHW7VgJEBPi5hg3Nyng5iKpYtj3wbcAUV9A1wLgWiY7ajf/f/oO1wfxt83phXPY8Emztg7ITg==}
    peerDependencies:
      pg: '>=8.0'

  pg-protocol@1.12.0:
    resolution: {integrity: sha512-uOANXNRACNdElMXJ0tPz6RBM0XQ61nONGAwlt8da5zs/iUOOCLBQOHSXnrC6fMsvtjxbOJrZZl5IScGv+7mpbg==}

  pg-types@2.2.0:
    resolution: {integrity: sha512-qTAAlrEsl8s4OiEQY69wDvcMIdQN6wdz5ojQiOy6YRMuynxenON0O5oCpJI6lshc6scgAY8qvJ2On/p+CXY0GA==}
    engines: {node: '>=4'}

  pg@8.19.0:
    resolution: {integrity: sha512-QIcLGi508BAHkQ3pJNptsFz5WQMlpGbuBGBaIaXsWK8mel2kQ/rThYI+DbgjUvZrIr7MiuEuc9LcChJoEZK1xQ==}
    engines: {node: '>= 16.0.0'}
    peerDependencies:
      pg-native: '>=3.0.1'
    peerDependenciesMeta:
      pg-native:
        optional: true

  pgpass@1.0.5:
    resolution: {integrity: sha512-FdW9r/jQZhSeohs1Z3sI1yxFQNFvMcnmfuj4WBMUTxOrAyLMaTcE1aAMBiTlbMNaXvBCQuVi0R7hd8udDSP7ug==}

  postgres-array@2.0.0:
    resolution: {integrity: sha512-VpZrUqU5A69eQyW2c5CA1jtLecCsN2U/bD6VilrFDWq5+5UIEVO7nazS3TEcHf1zuPYO/sqGvUvW62g86RXZuA==}
    engines: {node: '>=4'}

  postgres-bytea@1.0.1:
    resolution: {integrity: sha512-5+5HqXnsZPE65IJZSMkZtURARZelel2oXUEO8rH83VS/hxH5vv1uHquPg5wZs8yMAfdv971IU+kcPUczi7NVBQ==}
    engines: {node: '>=0.10.0'}

  postgres-date@1.0.7:
    resolution: {integrity: sha512-suDmjLVQg78nMK2UZ454hAG+OAW+HQPZ6n++TNDUX+L0+uUlLywnoxJKDou51Zm+zTCjrCl0Nq6J9C5hP9vK/Q==}
    engines: {node: '>=0.10.0'}

  postgres-interval@1.2.0:
    resolution: {integrity: sha512-9ZhXKM/rw350N1ovuWHbGxnGh/SNJ4cnxHiM0rxE4VN41wsg8P8zWn9hv/buK00RP4WvlOyr/RBDiptyxVbkZQ==}
    engines: {node: '>=0.10.0'}

  resolve-pkg-maps@1.0.0:
    resolution: {integrity: sha512-seS2Tj26TBVOC2NIc2rOe2y2ZO7efxITtLZcGSOnHHNOQ7CkiUBfw0Iw2ck6xkIhPwLhKNLS8BO+hEpngQlqzw==}

  split2@4.2.0:
    resolution: {integrity: sha512-UcjcJOWknrNkF6PLX83qcHM6KHgVKNkV62Y8a5uYDVv9ydGQVwAHMKqHdJje1VTWpljG0WYpCDhrCdAOYH4TWg==}
    engines: {node: '>= 10.x'}

  ts-mixer@6.0.4:
    resolution: {integrity: sha512-ufKpbmrugz5Aou4wcr5Wc1UUFWOLhq+Fm6qa6P0w0K5Qw2yhaUoiWszhCVuNQyNwrlGiscHOmqYoAox1PtvgjA==}

  tslib@2.8.1:
    resolution: {integrity: sha512-oJFu94HQb+KVduSUQL7wnpmqnfmLsOA/nAh6b6EH0wCEoK0/mPeXU6c3wKDV83MkOuHPRHtSXKKU99IBazS/2w==}

  tsx@4.21.0:
    resolution: {integrity: sha512-5C1sg4USs1lfG0GFb2RLXsdpXqBSEhAaA/0kPL01wxzpMqLILNxIxIOKiILz+cdg/pLnOUxFYOR5yhHU666wbw==}
    engines: {node: '>=18.0.0'}
    hasBin: true

  typescript@5.9.3:
    resolution: {integrity: sha512-jl1vZzPDinLr9eUt3J/t7V6FgNEw9QjvBPdysz9KfQDD41fQrC2Y4vKQdiaUpFT4bXlb1RHhLpp8wtm6M5TgSw==}
    engines: {node: '>=14.17'}
    hasBin: true

  undici-types@7.18.2:
    resolution: {integrity: sha512-AsuCzffGHJybSaRrmr5eHr81mwJU3kjw6M+uprWvCXiNeN9SOGwQ3Jn8jb8m3Z6izVgknn1R0FTCEAP2QrLY/w==}

  undici@6.21.3:
    resolution: {integrity: sha512-gBLkYIlEnSp8pFbT64yFgGE6UIB9tAkhukC23PmMDCe5Nd+cRqKxSjw5y54MK2AZMgZfJWMaNE4nYUHgi1XEOw==}
    engines: {node: '>=18.17'}

  ws@8.19.0:
    resolution: {integrity: sha512-blAT2mjOEIi0ZzruJfIhb3nps74PRWTCz1IjglWEEpQl5XS/UNama6u2/rjFkDDouqr4L67ry+1aGIALViWjDg==}
    engines: {node: '>=10.0.0'}
    peerDependencies:
      bufferutil: ^4.0.1
      utf-8-validate: '>=5.0.2'
    peerDependenciesMeta:
      bufferutil:
        optional: true
      utf-8-validate:
        optional: true

  xtend@4.0.2:
    resolution: {integrity: sha512-LKYU1iAXJXUgAXn9URjiu+MWhyUXHsvfp7mcuYm9dSUKK0/CjtrUwFAxD82/mCWbtLsGjFIad0wIsod4zrTAEQ==}
    engines: {node: '>=0.4'}

snapshots:

  '@discordjs/builders@1.13.1':
    dependencies:
      '@discordjs/formatters': 0.6.2
      '@discordjs/util': 1.2.0
      '@sapphire/shapeshift': 4.0.0
      discord-api-types: 0.38.40
      fast-deep-equal: 3.1.3
      ts-mixer: 6.0.4
      tslib: 2.8.1

  '@discordjs/collection@1.5.3': {}

  '@discordjs/collection@2.1.1': {}

  '@discordjs/formatters@0.6.2':
    dependencies:
      discord-api-types: 0.38.40

  '@discordjs/rest@2.6.0':
    dependencies:
      '@discordjs/collection': 2.1.1
      '@discordjs/util': 1.2.0
      '@sapphire/async-queue': 1.5.5
      '@sapphire/snowflake': 3.5.3
      '@vladfrangu/async_event_emitter': 2.4.7
      discord-api-types: 0.38.40
      magic-bytes.js: 1.13.0
      tslib: 2.8.1
      undici: 6.21.3

  '@discordjs/util@1.2.0':
    dependencies:
      discord-api-types: 0.38.40

  '@discordjs/ws@1.2.3':
    dependencies:
      '@discordjs/collection': 2.1.1
      '@discordjs/rest': 2.6.0
      '@discordjs/util': 1.2.0
      '@sapphire/async-queue': 1.5.5
      '@types/ws': 8.18.1
      '@vladfrangu/async_event_emitter': 2.4.7
      discord-api-types: 0.38.40
      tslib: 2.8.1
      ws: 8.19.0
    transitivePeerDependencies:
      - bufferutil
      - utf-8-validate

  '@emnapi/core@1.8.1':
    dependencies:
      '@emnapi/wasi-threads': 1.1.0
      tslib: 2.8.1
    optional: true

  '@emnapi/runtime@1.8.1':
    dependencies:
      tslib: 2.8.1
    optional: true

  '@emnapi/wasi-threads@1.1.0':
    dependencies:
      tslib: 2.8.1
    optional: true

  '@esbuild/aix-ppc64@0.27.3':
    optional: true

  '@esbuild/android-arm64@0.27.3':
    optional: true

  '@esbuild/android-arm@0.27.3':
    optional: true

  '@esbuild/android-x64@0.27.3':
    optional: true

  '@esbuild/darwin-arm64@0.27.3':
    optional: true

  '@esbuild/darwin-x64@0.27.3':
    optional: true

  '@esbuild/freebsd-arm64@0.27.3':
    optional: true

  '@esbuild/freebsd-x64@0.27.3':
    optional: true

  '@esbuild/linux-arm64@0.27.3':
    optional: true

  '@esbuild/linux-arm@0.27.3':
    optional: true

  '@esbuild/linux-ia32@0.27.3':
    optional: true

  '@esbuild/linux-loong64@0.27.3':
    optional: true

  '@esbuild/linux-mips64el@0.27.3':
    optional: true

  '@esbuild/linux-ppc64@0.27.3':
    optional: true

  '@esbuild/linux-riscv64@0.27.3':
    optional: true

  '@esbuild/linux-s390x@0.27.3':
    optional: true

  '@esbuild/linux-x64@0.27.3':
    optional: true

  '@esbuild/netbsd-arm64@0.27.3':
    optional: true

  '@esbuild/netbsd-x64@0.27.3':
    optional: true

  '@esbuild/openbsd-arm64@0.27.3':
    optional: true

  '@esbuild/openbsd-x64@0.27.3':
    optional: true

  '@esbuild/openharmony-arm64@0.27.3':
    optional: true

  '@esbuild/sunos-x64@0.27.3':
    optional: true

  '@esbuild/win32-arm64@0.27.3':
    optional: true

  '@esbuild/win32-ia32@0.27.3':
    optional: true

  '@esbuild/win32-x64@0.27.3':
    optional: true

  '@napi-rs/wasm-runtime@1.1.1':
    dependencies:
      '@emnapi/core': 1.8.1
      '@emnapi/runtime': 1.8.1
      '@tybys/wasm-util': 0.10.1
    optional: true

  '@noble/ciphers@1.3.0': {}

  '@sapphire/async-queue@1.5.5': {}

  '@sapphire/shapeshift@4.0.0':
    dependencies:
      fast-deep-equal: 3.1.3
      lodash: 4.17.23

  '@sapphire/snowflake@3.5.3': {}

  '@snazzah/davey-android-arm-eabi@0.1.10':
    optional: true

  '@snazzah/davey-android-arm64@0.1.10':
    optional: true

  '@snazzah/davey-darwin-arm64@0.1.10':
    optional: true

  '@snazzah/davey-darwin-x64@0.1.10':
    optional: true

  '@snazzah/davey-freebsd-x64@0.1.10':
    optional: true

  '@snazzah/davey-linux-arm-gnueabihf@0.1.10':
    optional: true

  '@snazzah/davey-linux-arm64-gnu@0.1.10':
    optional: true

  '@snazzah/davey-linux-arm64-musl@0.1.10':
    optional: true

  '@snazzah/davey-linux-x64-gnu@0.1.10':
    optional: true

  '@snazzah/davey-linux-x64-musl@0.1.10':
    optional: true

  '@snazzah/davey-wasm32-wasi@0.1.10':
    dependencies:
      '@napi-rs/wasm-runtime': 1.1.1
    optional: true

  '@snazzah/davey-win32-arm64-msvc@0.1.10':
    optional: true

  '@snazzah/davey-win32-ia32-msvc@0.1.10':
    optional: true

  '@snazzah/davey-win32-x64-msvc@0.1.10':
    optional: true

  '@snazzah/davey@0.1.10':
    optionalDependencies:
      '@snazzah/davey-android-arm-eabi': 0.1.10
      '@snazzah/davey-android-arm64': 0.1.10
      '@snazzah/davey-darwin-arm64': 0.1.10
      '@snazzah/davey-darwin-x64': 0.1.10
      '@snazzah/davey-freebsd-x64': 0.1.10
      '@snazzah/davey-linux-arm-gnueabihf': 0.1.10
      '@snazzah/davey-linux-arm64-gnu': 0.1.10
      '@snazzah/davey-linux-arm64-musl': 0.1.10
      '@snazzah/davey-linux-x64-gnu': 0.1.10
      '@snazzah/davey-linux-x64-musl': 0.1.10
      '@snazzah/davey-wasm32-wasi': 0.1.10
      '@snazzah/davey-win32-arm64-msvc': 0.1.10
      '@snazzah/davey-win32-ia32-msvc': 0.1.10
      '@snazzah/davey-win32-x64-msvc': 0.1.10

  '@tybys/wasm-util@0.10.1':
    dependencies:
      tslib: 2.8.1
    optional: true

  '@types/node@25.3.2':
    dependencies:
      undici-types: 7.18.2

  '@types/pg@8.18.0':
    dependencies:
      '@types/node': 25.3.2
      pg-protocol: 1.12.0
      pg-types: 2.2.0

  '@types/ws@8.18.1':
    dependencies:
      '@types/node': 25.3.2

  '@vladfrangu/async_event_emitter@2.4.7': {}

  discord-api-types@0.38.40: {}

  discord.js@14.25.1:
    dependencies:
      '@discordjs/builders': 1.13.1
      '@discordjs/collection': 1.5.3
      '@discordjs/formatters': 0.6.2
      '@discordjs/rest': 2.6.0
      '@discordjs/util': 1.2.0
      '@discordjs/ws': 1.2.3
      '@sapphire/snowflake': 3.5.3
      discord-api-types: 0.38.40
      fast-deep-equal: 3.1.3
      lodash.snakecase: 4.1.1
      magic-bytes.js: 1.13.0
      tslib: 2.8.1
      undici: 6.21.3
    transitivePeerDependencies:
      - bufferutil
      - utf-8-validate

  dotenv@16.6.1: {}

  esbuild@0.27.3:
    optionalDependencies:
      '@esbuild/aix-ppc64': 0.27.3
      '@esbuild/android-arm': 0.27.3
      '@esbuild/android-arm64': 0.27.3
      '@esbuild/android-x64': 0.27.3
      '@esbuild/darwin-arm64': 0.27.3
      '@esbuild/darwin-x64': 0.27.3
      '@esbuild/freebsd-arm64': 0.27.3
      '@esbuild/freebsd-x64': 0.27.3
      '@esbuild/linux-arm': 0.27.3
      '@esbuild/linux-arm64': 0.27.3
      '@esbuild/linux-ia32': 0.27.3
      '@esbuild/linux-loong64': 0.27.3
      '@esbuild/linux-mips64el': 0.27.3
      '@esbuild/linux-ppc64': 0.27.3
      '@esbuild/linux-riscv64': 0.27.3
      '@esbuild/linux-s390x': 0.27.3
      '@esbuild/linux-x64': 0.27.3
      '@esbuild/netbsd-arm64': 0.27.3
      '@esbuild/netbsd-x64': 0.27.3
      '@esbuild/openbsd-arm64': 0.27.3
      '@esbuild/openbsd-x64': 0.27.3
      '@esbuild/openharmony-arm64': 0.27.3
      '@esbuild/sunos-x64': 0.27.3
      '@esbuild/win32-arm64': 0.27.3
      '@esbuild/win32-ia32': 0.27.3
      '@esbuild/win32-x64': 0.27.3

  fast-deep-equal@3.1.3: {}

  fsevents@2.3.3:
    optional: true

  get-tsconfig@4.13.6:
    dependencies:
      resolve-pkg-maps: 1.0.0

  lodash.snakecase@4.1.1: {}

  lodash@4.17.23: {}

  magic-bytes.js@1.13.0: {}

  pg-cloudflare@1.3.0:
    optional: true

  pg-connection-string@2.11.0: {}

  pg-int8@1.0.1: {}

  pg-pool@3.12.0(pg@8.19.0):
    dependencies:
      pg: 8.19.0

  pg-protocol@1.12.0: {}

  pg-types@2.2.0:
    dependencies:
      pg-int8: 1.0.1
      postgres-array: 2.0.0
      postgres-bytea: 1.0.1
      postgres-date: 1.0.7
      postgres-interval: 1.2.0

  pg@8.19.0:
    dependencies:
      pg-connection-string: 2.11.0
      pg-pool: 3.12.0(pg@8.19.0)
      pg-protocol: 1.12.0
      pg-types: 2.2.0
      pgpass: 1.0.5
    optionalDependencies:
      pg-cloudflare: 1.3.0

  pgpass@1.0.5:
    dependencies:
      split2: 4.2.0

  postgres-array@2.0.0: {}

  postgres-bytea@1.0.1: {}

  postgres-date@1.0.7: {}

  postgres-interval@1.2.0:
    dependencies:
      xtend: 4.0.2

  resolve-pkg-maps@1.0.0: {}

  split2@4.2.0: {}

  ts-mixer@6.0.4: {}

  tslib@2.8.1: {}

  tsx@4.21.0:
    dependencies:
      esbuild: 0.27.3
      get-tsconfig: 4.13.6
    optionalDependencies:
      fsevents: 2.3.3

  typescript@5.9.3: {}

  undici-types@7.18.2: {}

  undici@6.21.3: {}

  ws@8.19.0: {}

  xtend@4.0.2: {}
